
Microsoft Visual Studio Solution File, Format Version 12.00
# Visual Studio Version 17
VisualStudioVersion = 17.8.34511.84
MinimumVisualStudioVersion = 10.0.40219.1
Project("{9A19103F-16F7-4668-BE54-9A1E7A4F7556}") = "09-OnConfiguring", "09-OnConfiguring.csproj", "{D97F8410-F46D-4F99-94A2-0AE69019E049}"
EndProject
Project("{9A19103F-16F7-4668-BE54-9A1E7A4F7556}") = "10-Persistence_Data", "..\10-Persistence_Data\10-Persistence_Data.csproj", "{79EF9B26-4CDC-4236-A306-8E2AD27EE7BA}"
EndProject
Project("{FAE04EC0-301F-11D3-BF4B-00C04F79EFBC}") = "13-Data_Querying", "..\13-Data_Querying\13-Data_Querying.csproj", "{857FB532-DE0E-47A4-B300-ECC65B4CCDBB}"
EndProject
Project("{9A19103F-16F7-4668-BE54-9A1E7A4F7556}") = "19-20_ChangeTracker", "..\19-20_ChangeTracker\19-20_ChangeTracker.csproj", "{27F63FD1-19CC-4E4C-ABFC-7B2EEB401483}"
EndProject
Project("{9A19103F-16F7-4668-BE54-9A1E7A4F7556}") = "Relationships", "..\Relationships\Relationships.csproj", "{37B995BC-EE56-47DC-8A8E-0A79BA7F8209}"
EndProject
Project("{FAE04EC0-301F-11D3-BF4B-00C04F79EFBC}") = "22_One-to-One", "..\22_One-to-One\22_One-to-One.csproj", "{164BA024-5FC4-48CC-91C4-BA7341D6C9A2}"
EndProject
Project("{FAE04EC0-301F-11D3-BF4B-00C04F79EFBC}") = "23_One-to-Many", "..\23_One-to-Many\23_One-to-Many.csproj", "{BF2CE8C0-06CF-498A-930C-290F3D691238}"
EndProject
Project("{FAE04EC0-301F-11D3-BF4B-00C04F79EFBC}") = "24_Many-to-Many", "..\24_Many-to-Many\24_Many-to-Many.csproj", "{5253EDB2-EB62-43BC-9B08-DED1C221B47E}"
EndProject
Global
	GlobalSection(SolutionConfigurationPlatforms) = preSolution
		Debug|Any CPU = Debug|Any CPU
		Release|Any CPU = Release|Any CPU
	EndGlobalSection
	GlobalSection(ProjectConfigurationPlatforms) = postSolution
		{D97F8410-F46D-4F99-94A2-0AE69019E049}.Debug|Any CPU.ActiveCfg = Debug|Any CPU
		{D97F8410-F46D-4F99-94A2-0AE69019E049}.Debug|Any CPU.Build.0 = Debug|Any CPU
		{D97F8410-F46D-4F99-94A2-0AE69019E049}.Release|Any CPU.ActiveCfg = Release|Any CPU
		{D97F8410-F46D-4F99-94A2-0AE69019E049}.Release|Any CPU.Build.0 = Release|Any CPU
		{79EF9B26-4CDC-4236-A306-8E2AD27EE7BA}.Debug|Any CPU.ActiveCfg = Debug|Any CPU
		{79EF9B26-4CDC-4236-A306-8E2AD27EE7BA}.Debug|Any CPU.Build.0 = Debug|Any CPU
		{79EF9B26-4CDC-4236-A306-8E2AD27EE7BA}.Release|Any CPU.ActiveCfg = Release|Any CPU
		{79EF9B26-4CDC-4236-A306-8E2AD27EE7BA}.Release|Any CPU.Build.0 = Release|Any CPU
		{857FB532-DE0E-47A4-B300-ECC65B4CCDBB}.Debug|Any CPU.ActiveCfg = Debug|Any CPU
		{857FB532-DE0E-47A4-B300-ECC65B4CCDBB}.Debug|Any CPU.Build.0 = Debug|Any CPU
		{857FB532-DE0E-47A4-B300-ECC65B4CCDBB}.Release|Any CPU.ActiveCfg = Release|Any CPU
		{857FB532-DE0E-47A4-B300-ECC65B4CCDBB}.Release|Any CPU.Build.0 = Release|Any CPU
		{27F63FD1-19CC-4E4C-ABFC-7B2EEB401483}.Debug|Any CPU.ActiveCfg = Debug|Any CPU
		{27F63FD1-19CC-4E4C-ABFC-7B2EEB401483}.Debug|Any CPU.Build.0 = Debug|Any CPU
		{27F63FD1-19CC-4E4C-ABFC-7B2EEB401483}.Release|Any CPU.ActiveCfg = Release|Any CPU
		{27F63FD1-19CC-4E4C-ABFC-7B2EEB401483}.Release|Any CPU.Build.0 = Release|Any CPU
		{37B995BC-EE56-47DC-8A8E-0A79BA7F8209}.Debug|Any CPU.ActiveCfg = Debug|Any CPU
		{37B995BC-EE56-47DC-8A8E-0A79BA7F8209}.Debug|Any CPU.Build.0 = Debug|Any CPU
		{37B995BC-EE56-47DC-8A8E-0A79BA7F8209}.Release|Any CPU.ActiveCfg = Release|Any CPU
		{37B995BC-EE56-47DC-8A8E-0A79BA7F8209}.Release|Any CPU.Build.0 = Release|Any CPU
		{164BA024-5FC4-48CC-91C4-BA7341D6C9A2}.Debug|Any CPU.ActiveCfg = Debug|Any CPU
		{164BA024-5FC4-48CC-91C4-BA7341D6C9A2}.Debug|Any CPU.Build.0 = Debug|Any CPU
		{164BA024-5FC4-48CC-91C4-BA7341D6C9A2}.Release|Any CPU.ActiveCfg = Release|Any CPU
		{164BA024-5FC4-48CC-91C4-BA7341D6C9A2}.Release|Any CPU.Build.0 = Release|Any CPU
		{BF2CE8C0-06CF-498A-930C-290F3D691238}.Debug|Any CPU.ActiveCfg = Debug|Any CPU
		{BF2CE8C0-06CF-498A-930C-290F3D691238}.Debug|Any CPU.Build.0 = Debug|Any CPU
		{BF2CE8C0-06CF-498A-930C-290F3D691238}.Release|Any CPU.ActiveCfg = Release|Any CPU
		{BF2CE8C0-06CF-498A-930C-290F3D691238}.Release|Any CPU.Build.0 = Release|Any CPU
		{5253EDB2-EB62-43BC-9B08-DED1C221B47E}.Debug|Any CPU.ActiveCfg = Debug|Any CPU
		{5253EDB2-EB62-43BC-9B08-DED1C221B47E}.Debug|Any CPU.Build.0 = Debug|Any CPU
		{5253EDB2-EB62-43BC-9B08-DED1C221B47E}.Release|Any CPU.ActiveCfg = Release|Any CPU
		{5253EDB2-EB62-43BC-9B08-DED1C221B47E}.Release|Any CPU.Build.0 = Release|Any CPU
	EndGlobalSection
	GlobalSection(SolutionProperties) = preSolution
		HideSolutionNode = FALSE
	EndGlobalSection
	GlobalSection(ExtensibilityGlobals) = postSolution
		SolutionGuid = {B51001CF-52C6-4DC0-AA1B-469D16E374FA}
	EndGlobalSection
EndGlobal
