
Microsoft Visual Studio Solution File, Format Version 12.00
# Visual Studio Version 17
VisualStudioVersion = 17.8.34525.116
MinimumVisualStudioVersion = 10.0.40219.1
Project("{9A19103F-16F7-4668-BE54-9A1E7A4F7556}") = "03_Ref-Return&Ref-Local", "02_Ref-Return&Ref-Local\03_Ref-Return&Ref-Local.csproj", "{3221F978-9621-4DDF-8D69-17C418F76C12}"
EndProject
Project("{9A19103F-16F7-4668-BE54-9A1E7A4F7556}") = "04_Operator-Overloading", "03_Operator-Overloading\04_Operator-Overloading.csproj", "{DDACA84E-52D6-4932-8F51-94E44D0B8FAB}"
EndProject
Project("{9A19103F-16F7-4668-BE54-9A1E7A4F7556}") = "05_Implicit-Explicit-Operator-Overloading", "05_Implicit-Explicit-Operator-Overloading\05_Implicit-Explicit-Operator-Overloading.csproj", "{C819696E-9973-41F8-811C-FEAB06F7573A}"
EndProject
Project("{9A19103F-16F7-4668-BE54-9A1E7A4F7556}") = "06_Exception-Handling", "06_Exception-Handling\06_Exception-Handling.csproj", "{B49C39D9-AA47-4659-A479-81B979ABC70C}"
EndProject
Project("{FAE04EC0-301F-11D3-BF4B-00C04F79EFBC}") = "07_Dynamic-and-Programmatic-Instance-Creation", "07_Dynamic-and-Programmatic-Instance-Creation\07_Dynamic-and-Programmatic-Instance-Creation.csproj", "{2E034B95-B562-4551-B1B8-EA91AFECE6F4}"
EndProject
Global
	GlobalSection(SolutionConfigurationPlatforms) = preSolution
		Debug|Any CPU = Debug|Any CPU
		Release|Any CPU = Release|Any CPU
	EndGlobalSection
	GlobalSection(ProjectConfigurationPlatforms) = postSolution
		{3221F978-9621-4DDF-8D69-17C418F76C12}.Debug|Any CPU.ActiveCfg = Debug|Any CPU
		{3221F978-9621-4DDF-8D69-17C418F76C12}.Debug|Any CPU.Build.0 = Debug|Any CPU
		{3221F978-9621-4DDF-8D69-17C418F76C12}.Release|Any CPU.ActiveCfg = Release|Any CPU
		{3221F978-9621-4DDF-8D69-17C418F76C12}.Release|Any CPU.Build.0 = Release|Any CPU
		{DDACA84E-52D6-4932-8F51-94E44D0B8FAB}.Debug|Any CPU.ActiveCfg = Debug|Any CPU
		{DDACA84E-52D6-4932-8F51-94E44D0B8FAB}.Debug|Any CPU.Build.0 = Debug|Any CPU
		{DDACA84E-52D6-4932-8F51-94E44D0B8FAB}.Release|Any CPU.ActiveCfg = Release|Any CPU
		{DDACA84E-52D6-4932-8F51-94E44D0B8FAB}.Release|Any CPU.Build.0 = Release|Any CPU
		{C819696E-9973-41F8-811C-FEAB06F7573A}.Debug|Any CPU.ActiveCfg = Debug|Any CPU
		{C819696E-9973-41F8-811C-FEAB06F7573A}.Debug|Any CPU.Build.0 = Debug|Any CPU
		{C819696E-9973-41F8-811C-FEAB06F7573A}.Release|Any CPU.ActiveCfg = Release|Any CPU
		{C819696E-9973-41F8-811C-FEAB06F7573A}.Release|Any CPU.Build.0 = Release|Any CPU
		{B49C39D9-AA47-4659-A479-81B979ABC70C}.Debug|Any CPU.ActiveCfg = Debug|Any CPU
		{B49C39D9-AA47-4659-A479-81B979ABC70C}.Debug|Any CPU.Build.0 = Debug|Any CPU
		{B49C39D9-AA47-4659-A479-81B979ABC70C}.Release|Any CPU.ActiveCfg = Release|Any CPU
		{B49C39D9-AA47-4659-A479-81B979ABC70C}.Release|Any CPU.Build.0 = Release|Any CPU
		{2E034B95-B562-4551-B1B8-EA91AFECE6F4}.Debug|Any CPU.ActiveCfg = Debug|Any CPU
		{2E034B95-B562-4551-B1B8-EA91AFECE6F4}.Debug|Any CPU.Build.0 = Debug|Any CPU
		{2E034B95-B562-4551-B1B8-EA91AFECE6F4}.Release|Any CPU.ActiveCfg = Release|Any CPU
		{2E034B95-B562-4551-B1B8-EA91AFECE6F4}.Release|Any CPU.Build.0 = Release|Any CPU
	EndGlobalSection
	GlobalSection(SolutionProperties) = preSolution
		HideSolutionNode = FALSE
	EndGlobalSection
	GlobalSection(ExtensibilityGlobals) = postSolution
		SolutionGuid = {301865FF-8B46-446E-B5DE-38E5021F0DC2}
	EndGlobalSection
EndGlobal
