
Microsoft Visual Studio Solution File, Format Version 12.00
# Visual Studio Version 17
VisualStudioVersion = 17.8.34525.116
MinimumVisualStudioVersion = 10.0.40219.1
Project("{9A19103F-16F7-4668-BE54-9A1E7A4F7556}") = "03_Ref-Return&Ref-Local", "02_Ref-Return&Ref-Local\03_Ref-Return&Ref-Local.csproj", "{3221F978-9621-4DDF-8D69-17C418F76C12}"
EndProject
Project("{9A19103F-16F7-4668-BE54-9A1E7A4F7556}") = "04_Operator-Overloading", "03_Operator-Overloading\04_Operator-Overloading.csproj", "{DDACA84E-52D6-4932-8F51-94E44D0B8FAB}"
EndProject
Project("{9A19103F-16F7-4668-BE54-9A1E7A4F7556}") = "05_Implicit-Explicit-Operator-Overloading", "05_Implicit-Explicit-Operator-Overloading\05_Implicit-Explicit-Operator-Overloading.csproj", "{C819696E-9973-41F8-811C-FEAB06F7573A}"
EndProject
Project("{9A19103F-16F7-4668-BE54-9A1E7A4F7556}") = "06_Exception-Handling", "06_Exception-Handling\06_Exception-Handling.csproj", "{B49C39D9-AA47-4659-A479-81B979ABC70C}"
EndProject
Project("{9A19103F-16F7-4668-BE54-9A1E7A4F7556}") = "07_Dynamic-and-Programmatic-Instance-Creation", "07_Dynamic-and-Programmatic-Instance-Creation\07_Dynamic-and-Programmatic-Instance-Creation.csproj", "{2E034B95-B562-4551-B1B8-EA91AFECE6F4}"
EndProject
Project("{9A19103F-16F7-4668-BE54-9A1E7A4F7556}") = "08_Generic-Structures", "08_Generic-Structures\08_Generic-Structures.csproj", "{0DB34648-57F5-465A-9525-27050321688C}"
EndProject
Project("{9A19103F-16F7-4668-BE54-9A1E7A4F7556}") = "09_Covariance-Contravariance", "09_Covarianca-Contravariance\09_Covariance-Contravariance.csproj", "{66F6C17F-9365-4944-BB63-4D92616966E4}"
EndProject
Project("{9A19103F-16F7-4668-BE54-9A1E7A4F7556}") = "10_Delegates", "10_Delegates\10_Delegates.csproj", "{587D2ADF-8BDD-4CA8-B051-54F5099F3C36}"
EndProject
Project("{9A19103F-16F7-4668-BE54-9A1E7A4F7556}") = "11_Events", "11_Events\11_Events.csproj", "{C6C9D795-1C6F-4EFD-A0E3-6CFBC977E15E}"
EndProject
Project("{9A19103F-16F7-4668-BE54-9A1E7A4F7556}") = "12_Predefined-Delegates", "12_Predefined-Delegates\12_Predefined-Delegates.csproj", "{8835D180-4C5E-4A5E-916D-BA5AAF34171D}"
EndProject
Project("{9A19103F-16F7-4668-BE54-9A1E7A4F7556}") = "13_Anonymous-Structures", "13_Anonymous-Structures\13_Anonymous-Structures.csproj", "{EACBA9B3-C2E0-4575-8A6A-D52E4BFEAF59}"
EndProject
Project("{9A19103F-16F7-4668-BE54-9A1E7A4F7556}") = "14_ExpandoObject", "14_Expando-Object\14_ExpandoObject.csproj", "{A45C0AEC-869E-4E84-8184-05112EA73BC8}"
EndProject
Project("{9A19103F-16F7-4668-BE54-9A1E7A4F7556}") = "15_Access-Modifiers", "15_Access-Modifiers\15_Access-Modifiers.csproj", "{F00E1E90-DC65-469A-89DA-464EE59AB03C}"
EndProject
Project("{FAE04EC0-301F-11D3-BF4B-00C04F79EFBC}") = "ClassLibrary1", "ClassLibrary1\ClassLibrary1.csproj", "{17293333-6C24-4A93-9D57-B6DB72D68971}"
EndProject
Project("{9A19103F-16F7-4668-BE54-9A1E7A4F7556}") = "16_Predefined-Interfaces", "16_Predefined-Interfaces\16_Predefined-Interfaces.csproj", "{B30B1183-ED3B-4372-B6CF-E971288C1E57}"
EndProject
Project("{FAE04EC0-301F-11D3-BF4B-00C04F79EFBC}") = "17_Custom-Iterational-Class-yield", "17_Custom-Iterational-Class-yield\17_Custom-Iterational-Class-yield.csproj", "{E1119E66-3CC3-499A-AC30-1DD5DC3705E1}"
EndProject
Project("{FAE04EC0-301F-11D3-BF4B-00C04F79EFBC}") = "18_Custom-Collection-Initializers", "18_Custom-Collection-Initializers\18_Custom-Collection-Initializers.csproj", "{087F429F-51EE-4D67-8B19-7358E42FDE78}"
EndProject
Project("{9A19103F-16F7-4668-BE54-9A1E7A4F7556}") = "19_Attributes", "19_Attributes\19_Attributes.csproj", "{F78E01F6-04B9-4941-B5CF-69013C4921E4}"
EndProject
Project("{9A19103F-16F7-4668-BE54-9A1E7A4F7556}") = "20_Reflection", "20_Reflection\20_Reflection.csproj", "{13B7EA4F-231D-4553-BEAC-6A439C1370D6}"
EndProject
Project("{FAE04EC0-301F-11D3-BF4B-00C04F79EFBC}") = "21_IObservable-IObserver", "21_IObservable-IObserver\21_IObservable-IObserver.csproj", "{B287980D-96C5-47DB-B46B-0A34ACB9C9E7}"
EndProject
Project("{9A19103F-16F7-4668-BE54-9A1E7A4F7556}") = "22_Random-Number-Generation", "22_Random-Number-Generation\22_Random-Number-Generation.csproj", "{1ECE838F-9763-43FF-9A5C-6CD38DE3D08B}"
EndProject
Project("{FAE04EC0-301F-11D3-BF4B-00C04F79EFBC}") = "23_SecureString-Memory-Security", "23_SecureString-Memory-Security\23_SecureString-Memory-Security.csproj", "{4D10EB63-A912-4DC8-B0FD-EFE48F988554}"
EndProject
Project("{9A19103F-16F7-4668-BE54-9A1E7A4F7556}") = "24_EventLog-EventViewer", "24_EventLog-EventViewer\24_EventLog-EventViewer.csproj", "{F3B0BF51-09BA-4C25-9F3E-02E95DD09439}"
EndProject
Project("{FAE04EC0-301F-11D3-BF4B-00C04F79EFBC}") = "25_Extension-Methods", "25_Extension-Methods\25_Extension-Methods.csproj", "{E6331275-B570-4D78-A34B-677AF2D0AE37}"
EndProject
Global
	GlobalSection(SolutionConfigurationPlatforms) = preSolution
		Debug|Any CPU = Debug|Any CPU
		Release|Any CPU = Release|Any CPU
	EndGlobalSection
	GlobalSection(ProjectConfigurationPlatforms) = postSolution
		{3221F978-9621-4DDF-8D69-17C418F76C12}.Debug|Any CPU.ActiveCfg = Debug|Any CPU
		{3221F978-9621-4DDF-8D69-17C418F76C12}.Debug|Any CPU.Build.0 = Debug|Any CPU
		{3221F978-9621-4DDF-8D69-17C418F76C12}.Release|Any CPU.ActiveCfg = Release|Any CPU
		{3221F978-9621-4DDF-8D69-17C418F76C12}.Release|Any CPU.Build.0 = Release|Any CPU
		{DDACA84E-52D6-4932-8F51-94E44D0B8FAB}.Debug|Any CPU.ActiveCfg = Debug|Any CPU
		{DDACA84E-52D6-4932-8F51-94E44D0B8FAB}.Debug|Any CPU.Build.0 = Debug|Any CPU
		{DDACA84E-52D6-4932-8F51-94E44D0B8FAB}.Release|Any CPU.ActiveCfg = Release|Any CPU
		{DDACA84E-52D6-4932-8F51-94E44D0B8FAB}.Release|Any CPU.Build.0 = Release|Any CPU
		{C819696E-9973-41F8-811C-FEAB06F7573A}.Debug|Any CPU.ActiveCfg = Debug|Any CPU
		{C819696E-9973-41F8-811C-FEAB06F7573A}.Debug|Any CPU.Build.0 = Debug|Any CPU
		{C819696E-9973-41F8-811C-FEAB06F7573A}.Release|Any CPU.ActiveCfg = Release|Any CPU
		{C819696E-9973-41F8-811C-FEAB06F7573A}.Release|Any CPU.Build.0 = Release|Any CPU
		{B49C39D9-AA47-4659-A479-81B979ABC70C}.Debug|Any CPU.ActiveCfg = Debug|Any CPU
		{B49C39D9-AA47-4659-A479-81B979ABC70C}.Debug|Any CPU.Build.0 = Debug|Any CPU
		{B49C39D9-AA47-4659-A479-81B979ABC70C}.Release|Any CPU.ActiveCfg = Release|Any CPU
		{B49C39D9-AA47-4659-A479-81B979ABC70C}.Release|Any CPU.Build.0 = Release|Any CPU
		{2E034B95-B562-4551-B1B8-EA91AFECE6F4}.Debug|Any CPU.ActiveCfg = Debug|Any CPU
		{2E034B95-B562-4551-B1B8-EA91AFECE6F4}.Debug|Any CPU.Build.0 = Debug|Any CPU
		{2E034B95-B562-4551-B1B8-EA91AFECE6F4}.Release|Any CPU.ActiveCfg = Release|Any CPU
		{2E034B95-B562-4551-B1B8-EA91AFECE6F4}.Release|Any CPU.Build.0 = Release|Any CPU
		{0DB34648-57F5-465A-9525-27050321688C}.Debug|Any CPU.ActiveCfg = Debug|Any CPU
		{0DB34648-57F5-465A-9525-27050321688C}.Debug|Any CPU.Build.0 = Debug|Any CPU
		{0DB34648-57F5-465A-9525-27050321688C}.Release|Any CPU.ActiveCfg = Release|Any CPU
		{0DB34648-57F5-465A-9525-27050321688C}.Release|Any CPU.Build.0 = Release|Any CPU
		{66F6C17F-9365-4944-BB63-4D92616966E4}.Debug|Any CPU.ActiveCfg = Debug|Any CPU
		{66F6C17F-9365-4944-BB63-4D92616966E4}.Debug|Any CPU.Build.0 = Debug|Any CPU
		{66F6C17F-9365-4944-BB63-4D92616966E4}.Release|Any CPU.ActiveCfg = Release|Any CPU
		{66F6C17F-9365-4944-BB63-4D92616966E4}.Release|Any CPU.Build.0 = Release|Any CPU
		{587D2ADF-8BDD-4CA8-B051-54F5099F3C36}.Debug|Any CPU.ActiveCfg = Debug|Any CPU
		{587D2ADF-8BDD-4CA8-B051-54F5099F3C36}.Debug|Any CPU.Build.0 = Debug|Any CPU
		{587D2ADF-8BDD-4CA8-B051-54F5099F3C36}.Release|Any CPU.ActiveCfg = Release|Any CPU
		{587D2ADF-8BDD-4CA8-B051-54F5099F3C36}.Release|Any CPU.Build.0 = Release|Any CPU
		{C6C9D795-1C6F-4EFD-A0E3-6CFBC977E15E}.Debug|Any CPU.ActiveCfg = Debug|Any CPU
		{C6C9D795-1C6F-4EFD-A0E3-6CFBC977E15E}.Debug|Any CPU.Build.0 = Debug|Any CPU
		{C6C9D795-1C6F-4EFD-A0E3-6CFBC977E15E}.Release|Any CPU.ActiveCfg = Release|Any CPU
		{C6C9D795-1C6F-4EFD-A0E3-6CFBC977E15E}.Release|Any CPU.Build.0 = Release|Any CPU
		{8835D180-4C5E-4A5E-916D-BA5AAF34171D}.Debug|Any CPU.ActiveCfg = Debug|Any CPU
		{8835D180-4C5E-4A5E-916D-BA5AAF34171D}.Debug|Any CPU.Build.0 = Debug|Any CPU
		{8835D180-4C5E-4A5E-916D-BA5AAF34171D}.Release|Any CPU.ActiveCfg = Release|Any CPU
		{8835D180-4C5E-4A5E-916D-BA5AAF34171D}.Release|Any CPU.Build.0 = Release|Any CPU
		{EACBA9B3-C2E0-4575-8A6A-D52E4BFEAF59}.Debug|Any CPU.ActiveCfg = Debug|Any CPU
		{EACBA9B3-C2E0-4575-8A6A-D52E4BFEAF59}.Debug|Any CPU.Build.0 = Debug|Any CPU
		{EACBA9B3-C2E0-4575-8A6A-D52E4BFEAF59}.Release|Any CPU.ActiveCfg = Release|Any CPU
		{EACBA9B3-C2E0-4575-8A6A-D52E4BFEAF59}.Release|Any CPU.Build.0 = Release|Any CPU
		{A45C0AEC-869E-4E84-8184-05112EA73BC8}.Debug|Any CPU.ActiveCfg = Debug|Any CPU
		{A45C0AEC-869E-4E84-8184-05112EA73BC8}.Debug|Any CPU.Build.0 = Debug|Any CPU
		{A45C0AEC-869E-4E84-8184-05112EA73BC8}.Release|Any CPU.ActiveCfg = Release|Any CPU
		{A45C0AEC-869E-4E84-8184-05112EA73BC8}.Release|Any CPU.Build.0 = Release|Any CPU
		{F00E1E90-DC65-469A-89DA-464EE59AB03C}.Debug|Any CPU.ActiveCfg = Debug|Any CPU
		{F00E1E90-DC65-469A-89DA-464EE59AB03C}.Debug|Any CPU.Build.0 = Debug|Any CPU
		{F00E1E90-DC65-469A-89DA-464EE59AB03C}.Release|Any CPU.ActiveCfg = Release|Any CPU
		{F00E1E90-DC65-469A-89DA-464EE59AB03C}.Release|Any CPU.Build.0 = Release|Any CPU
		{17293333-6C24-4A93-9D57-B6DB72D68971}.Debug|Any CPU.ActiveCfg = Debug|Any CPU
		{17293333-6C24-4A93-9D57-B6DB72D68971}.Debug|Any CPU.Build.0 = Debug|Any CPU
		{17293333-6C24-4A93-9D57-B6DB72D68971}.Release|Any CPU.ActiveCfg = Release|Any CPU
		{17293333-6C24-4A93-9D57-B6DB72D68971}.Release|Any CPU.Build.0 = Release|Any CPU
		{B30B1183-ED3B-4372-B6CF-E971288C1E57}.Debug|Any CPU.ActiveCfg = Debug|Any CPU
		{B30B1183-ED3B-4372-B6CF-E971288C1E57}.Debug|Any CPU.Build.0 = Debug|Any CPU
		{B30B1183-ED3B-4372-B6CF-E971288C1E57}.Release|Any CPU.ActiveCfg = Release|Any CPU
		{B30B1183-ED3B-4372-B6CF-E971288C1E57}.Release|Any CPU.Build.0 = Release|Any CPU
		{E1119E66-3CC3-499A-AC30-1DD5DC3705E1}.Debug|Any CPU.ActiveCfg = Debug|Any CPU
		{E1119E66-3CC3-499A-AC30-1DD5DC3705E1}.Debug|Any CPU.Build.0 = Debug|Any CPU
		{E1119E66-3CC3-499A-AC30-1DD5DC3705E1}.Release|Any CPU.ActiveCfg = Release|Any CPU
		{E1119E66-3CC3-499A-AC30-1DD5DC3705E1}.Release|Any CPU.Build.0 = Release|Any CPU
		{087F429F-51EE-4D67-8B19-7358E42FDE78}.Debug|Any CPU.ActiveCfg = Debug|Any CPU
		{087F429F-51EE-4D67-8B19-7358E42FDE78}.Debug|Any CPU.Build.0 = Debug|Any CPU
		{087F429F-51EE-4D67-8B19-7358E42FDE78}.Release|Any CPU.ActiveCfg = Release|Any CPU
		{087F429F-51EE-4D67-8B19-7358E42FDE78}.Release|Any CPU.Build.0 = Release|Any CPU
		{F78E01F6-04B9-4941-B5CF-69013C4921E4}.Debug|Any CPU.ActiveCfg = Debug|Any CPU
		{F78E01F6-04B9-4941-B5CF-69013C4921E4}.Debug|Any CPU.Build.0 = Debug|Any CPU
		{F78E01F6-04B9-4941-B5CF-69013C4921E4}.Release|Any CPU.ActiveCfg = Release|Any CPU
		{F78E01F6-04B9-4941-B5CF-69013C4921E4}.Release|Any CPU.Build.0 = Release|Any CPU
		{13B7EA4F-231D-4553-BEAC-6A439C1370D6}.Debug|Any CPU.ActiveCfg = Debug|Any CPU
		{13B7EA4F-231D-4553-BEAC-6A439C1370D6}.Debug|Any CPU.Build.0 = Debug|Any CPU
		{13B7EA4F-231D-4553-BEAC-6A439C1370D6}.Release|Any CPU.ActiveCfg = Release|Any CPU
		{13B7EA4F-231D-4553-BEAC-6A439C1370D6}.Release|Any CPU.Build.0 = Release|Any CPU
		{B287980D-96C5-47DB-B46B-0A34ACB9C9E7}.Debug|Any CPU.ActiveCfg = Debug|Any CPU
		{B287980D-96C5-47DB-B46B-0A34ACB9C9E7}.Debug|Any CPU.Build.0 = Debug|Any CPU
		{B287980D-96C5-47DB-B46B-0A34ACB9C9E7}.Release|Any CPU.ActiveCfg = Release|Any CPU
		{B287980D-96C5-47DB-B46B-0A34ACB9C9E7}.Release|Any CPU.Build.0 = Release|Any CPU
		{1ECE838F-9763-43FF-9A5C-6CD38DE3D08B}.Debug|Any CPU.ActiveCfg = Debug|Any CPU
		{1ECE838F-9763-43FF-9A5C-6CD38DE3D08B}.Debug|Any CPU.Build.0 = Debug|Any CPU
		{1ECE838F-9763-43FF-9A5C-6CD38DE3D08B}.Release|Any CPU.ActiveCfg = Release|Any CPU
		{1ECE838F-9763-43FF-9A5C-6CD38DE3D08B}.Release|Any CPU.Build.0 = Release|Any CPU
		{4D10EB63-A912-4DC8-B0FD-EFE48F988554}.Debug|Any CPU.ActiveCfg = Debug|Any CPU
		{4D10EB63-A912-4DC8-B0FD-EFE48F988554}.Debug|Any CPU.Build.0 = Debug|Any CPU
		{4D10EB63-A912-4DC8-B0FD-EFE48F988554}.Release|Any CPU.ActiveCfg = Release|Any CPU
		{4D10EB63-A912-4DC8-B0FD-EFE48F988554}.Release|Any CPU.Build.0 = Release|Any CPU
		{F3B0BF51-09BA-4C25-9F3E-02E95DD09439}.Debug|Any CPU.ActiveCfg = Debug|Any CPU
		{F3B0BF51-09BA-4C25-9F3E-02E95DD09439}.Debug|Any CPU.Build.0 = Debug|Any CPU
		{F3B0BF51-09BA-4C25-9F3E-02E95DD09439}.Release|Any CPU.ActiveCfg = Release|Any CPU
		{F3B0BF51-09BA-4C25-9F3E-02E95DD09439}.Release|Any CPU.Build.0 = Release|Any CPU
		{E6331275-B570-4D78-A34B-677AF2D0AE37}.Debug|Any CPU.ActiveCfg = Debug|Any CPU
		{E6331275-B570-4D78-A34B-677AF2D0AE37}.Debug|Any CPU.Build.0 = Debug|Any CPU
		{E6331275-B570-4D78-A34B-677AF2D0AE37}.Release|Any CPU.ActiveCfg = Release|Any CPU
		{E6331275-B570-4D78-A34B-677AF2D0AE37}.Release|Any CPU.Build.0 = Release|Any CPU
	EndGlobalSection
	GlobalSection(SolutionProperties) = preSolution
		HideSolutionNode = FALSE
	EndGlobalSection
	GlobalSection(ExtensibilityGlobals) = postSolution
		SolutionGuid = {301865FF-8B46-446E-B5DE-38E5021F0DC2}
	EndGlobalSection
EndGlobal
