
Microsoft Visual Studio Solution File, Format Version 12.00
# Visual Studio Version 17
VisualStudioVersion = 17.8.34525.116
MinimumVisualStudioVersion = 10.0.40219.1
Project("{FAE04EC0-301F-11D3-BF4B-00C04F79EFBC}") = "02_Ref-Return&Ref-Local", "02_Ref-Return&Ref-Local\02_Ref-Return&Ref-Local.csproj", "{3221F978-9621-4DDF-8D69-17C418F76C12}"
EndProject
Global
	GlobalSection(SolutionConfigurationPlatforms) = preSolution
		Debug|Any CPU = Debug|Any CPU
		Release|Any CPU = Release|Any CPU
	EndGlobalSection
	GlobalSection(ProjectConfigurationPlatforms) = postSolution
		{3221F978-9621-4DDF-8D69-17C418F76C12}.Debug|Any CPU.ActiveCfg = Debug|Any CPU
		{3221F978-9621-4DDF-8D69-17C418F76C12}.Debug|Any CPU.Build.0 = Debug|Any CPU
		{3221F978-9621-4DDF-8D69-17C418F76C12}.Release|Any CPU.ActiveCfg = Release|Any CPU
		{3221F978-9621-4DDF-8D69-17C418F76C12}.Release|Any CPU.Build.0 = Release|Any CPU
	EndGlobalSection
	GlobalSection(SolutionProperties) = preSolution
		HideSolutionNode = FALSE
	EndGlobalSection
	GlobalSection(ExtensibilityGlobals) = postSolution
		SolutionGuid = {301865FF-8B46-446E-B5DE-38E5021F0DC2}
	EndGlobalSection
EndGlobal
